
Microsoft Visual Studio Solution File, Format Version 12.00
# Visual Studio Version 17
VisualStudioVersion = 17.0.31903.59
MinimumVisualStudioVersion = 10.0.40219.1
Project("{FAE04EC0-301F-11D3-BF4B-00C04F79EFBC}") = "Augustus", "Augustus\Augustus.csproj", "{FAFB2711-7C69-4AAA-B73F-C8914D0639D9}"
EndProject
Project("{FAE04EC0-301F-11D3-BF4B-00C04F79EFBC}") = "Augustus.AI", "Augustus.AI\Augustus.AI.csproj", "{A1B2C3D4-E5F6-4A5B-8C9D-1E2F3A4B5C6D}"
EndProject
Project("{FAE04EC0-301F-11D3-BF4B-00C04F79EFBC}") = "Augustus.Stripe", "Augustus.Stripe\Augustus.Stripe.csproj", "{B2C3D4E5-F6A7-4B6C-9D0E-2F3A4B5C6D7E}"
EndProject
Project("{FAE04EC0-301F-11D3-BF4B-00C04F79EFBC}") = "Augustus.Tests", "Augustus.Tests\Augustus.Tests.csproj", "{0925E96C-DC1E-4F1A-858B-1C58B7441D81}"
EndProject
Global
	GlobalSection(SolutionConfigurationPlatforms) = preSolution
		Debug|Any CPU = Debug|Any CPU
		Release|Any CPU = Release|Any CPU
	EndGlobalSection
	GlobalSection(SolutionProperties) = preSolution
		HideSolutionNode = FALSE
	EndGlobalSection
	GlobalSection(ProjectConfigurationPlatforms) = postSolution
		{FAFB2711-7C69-4AAA-B73F-C8914D0639D9}.Debug|Any CPU.ActiveCfg = Debug|Any CPU
		{FAFB2711-7C69-4AAA-B73F-C8914D0639D9}.Debug|Any CPU.Build.0 = Debug|Any CPU
		{FAFB2711-7C69-4AAA-B73F-C8914D0639D9}.Release|Any CPU.ActiveCfg = Release|Any CPU
		{FAFB2711-7C69-4AAA-B73F-C8914D0639D9}.Release|Any CPU.Build.0 = Release|Any CPU
		{A1B2C3D4-E5F6-4A5B-8C9D-1E2F3A4B5C6D}.Debug|Any CPU.ActiveCfg = Debug|Any CPU
		{A1B2C3D4-E5F6-4A5B-8C9D-1E2F3A4B5C6D}.Debug|Any CPU.Build.0 = Debug|Any CPU
		{A1B2C3D4-E5F6-4A5B-8C9D-1E2F3A4B5C6D}.Release|Any CPU.ActiveCfg = Release|Any CPU
		{A1B2C3D4-E5F6-4A5B-8C9D-1E2F3A4B5C6D}.Release|Any CPU.Build.0 = Release|Any CPU
		{B2C3D4E5-F6A7-4B6C-9D0E-2F3A4B5C6D7E}.Debug|Any CPU.ActiveCfg = Debug|Any CPU
		{B2C3D4E5-F6A7-4B6C-9D0E-2F3A4B5C6D7E}.Debug|Any CPU.Build.0 = Debug|Any CPU
		{B2C3D4E5-F6A7-4B6C-9D0E-2F3A4B5C6D7E}.Release|Any CPU.ActiveCfg = Release|Any CPU
		{B2C3D4E5-F6A7-4B6C-9D0E-2F3A4B5C6D7E}.Release|Any CPU.Build.0 = Release|Any CPU
		{0925E96C-DC1E-4F1A-858B-1C58B7441D81}.Debug|Any CPU.ActiveCfg = Debug|Any CPU
		{0925E96C-DC1E-4F1A-858B-1C58B7441D81}.Debug|Any CPU.Build.0 = Debug|Any CPU
		{0925E96C-DC1E-4F1A-858B-1C58B7441D81}.Release|Any CPU.ActiveCfg = Release|Any CPU
		{0925E96C-DC1E-4F1A-858B-1C58B7441D81}.Release|Any CPU.Build.0 = Release|Any CPU
	EndGlobalSection
EndGlobal
