
Microsoft Visual Studio Solution File, Format Version 12.00
# Visual Studio Version 17
VisualStudioVersion = 17.0.31903.59
MinimumVisualStudioVersion = 10.0.40219.1
Project("{FAE04EC0-301F-11D3-BF4B-00C04F79EFBC}") = "Augustus", "Augustus\Augustus.csproj", "{FAFB2711-7C69-4AAA-B73F-C8914D0639D9}"
EndProject
Project("{FAE04EC0-301F-11D3-BF4B-00C04F79EFBC}") = "Augustus.AI", "Augustus.AI\Augustus.AI.csproj", "{A1B2C3D4-E5F6-4A5B-8C9D-1E2F3A4B5C6D}"
EndProject
Project("{FAE04EC0-301F-11D3-BF4B-00C04F79EFBC}") = "Augustus.Stripe", "Augustus.APIs.Stripe\Augustus.Stripe.csproj", "{B2C3D4E5-F6A7-4B6C-9D0E-2F3A4B5C6D7E}"
EndProject
Project("{FAE04EC0-301F-11D3-BF4B-00C04F79EFBC}") = "Augustus.Tests", "Augustus.Tests\Augustus.Tests.csproj", "{0925E96C-DC1E-4F1A-858B-1C58B7441D81}"
EndProject
Project("{FAE04EC0-301F-11D3-BF4B-00C04F79EFBC}") = "Augustus.AI.Tests", "Augustus.AI.Tests\Augustus.AI.Tests.csproj", "{C1D2E3F4-A5B6-4C7D-8E9F-0A1B2C3D4E5F}"
EndProject
Project("{FAE04EC0-301F-11D3-BF4B-00C04F79EFBC}") = "Augustus.Stripe.Tests", "Augustus.APIs.Stripe.Tests\Augustus.Stripe.Tests.csproj", "{D2E3F4A5-B6C7-4D8E-9F0A-1B2C3D4E5F6A}"
EndProject
Project("{2150E333-8FDC-42A3-9474-1A3956D46DE8}") = "samples", "samples", "{5D20AA90-6969-D8BD-9DCD-8634F4692FDA}"
EndProject
Project("{FAE04EC0-301F-11D3-BF4B-00C04F79EFBC}") = "Augustus.Sample.StripeApi", "samples\Augustus.Sample.StripeApi\Augustus.Sample.StripeApi.csproj", "{498879BC-FA31-4975-8C79-2911B18413E9}"
EndProject
Project("{FAE04EC0-301F-11D3-BF4B-00C04F79EFBC}") = "Augustus.Sample.StripeApi.Tests", "samples\Augustus.Sample.StripeApi.Tests\Augustus.Sample.StripeApi.Tests.csproj", "{BAA26F2E-5FA6-42FC-91DA-F0CBCC42D976}"
EndProject
Project("{FAE04EC0-301F-11D3-BF4B-00C04F79EFBC}") = "Augustus.Sample.Reqnroll.Specs", "samples\Augustus.Sample.Reqnroll.Specs\Augustus.Sample.Reqnroll.Specs.csproj", "{886ED558-F9DF-488B-B372-DDFCE40BAF41}"
EndProject
Project("{FAE04EC0-301F-11D3-BF4B-00C04F79EFBC}") = "Augustus.Reqnroll", "Augustus.Reqnroll\Augustus.Reqnroll.csproj", "{B1A2C3D4-E5F6-7890-ABCD-EF1234567890}"
EndProject
Project("{FAE04EC0-301F-11D3-BF4B-00C04F79EFBC}") = "Augustus.Reqnroll.Tests", "Augustus.Reqnroll.Tests\Augustus.Reqnroll.Tests.csproj", "{C2B3D4E5-F6A7-8901-BCDE-F12345678901}"
EndProject
Global
	GlobalSection(SolutionConfigurationPlatforms) = preSolution
		Debug|Any CPU = Debug|Any CPU
		Release|Any CPU = Release|Any CPU
	EndGlobalSection
	GlobalSection(SolutionProperties) = preSolution
		HideSolutionNode = FALSE
	EndGlobalSection
	GlobalSection(ProjectConfigurationPlatforms) = postSolution
		{FAFB2711-7C69-4AAA-B73F-C8914D0639D9}.Debug|Any CPU.ActiveCfg = Debug|Any CPU
		{FAFB2711-7C69-4AAA-B73F-C8914D0639D9}.Debug|Any CPU.Build.0 = Debug|Any CPU
		{FAFB2711-7C69-4AAA-B73F-C8914D0639D9}.Release|Any CPU.ActiveCfg = Release|Any CPU
		{FAFB2711-7C69-4AAA-B73F-C8914D0639D9}.Release|Any CPU.Build.0 = Release|Any CPU
		{A1B2C3D4-E5F6-4A5B-8C9D-1E2F3A4B5C6D}.Debug|Any CPU.ActiveCfg = Debug|Any CPU
		{A1B2C3D4-E5F6-4A5B-8C9D-1E2F3A4B5C6D}.Debug|Any CPU.Build.0 = Debug|Any CPU
		{A1B2C3D4-E5F6-4A5B-8C9D-1E2F3A4B5C6D}.Release|Any CPU.ActiveCfg = Release|Any CPU
		{A1B2C3D4-E5F6-4A5B-8C9D-1E2F3A4B5C6D}.Release|Any CPU.Build.0 = Release|Any CPU
		{B2C3D4E5-F6A7-4B6C-9D0E-2F3A4B5C6D7E}.Debug|Any CPU.ActiveCfg = Debug|Any CPU
		{B2C3D4E5-F6A7-4B6C-9D0E-2F3A4B5C6D7E}.Debug|Any CPU.Build.0 = Debug|Any CPU
		{B2C3D4E5-F6A7-4B6C-9D0E-2F3A4B5C6D7E}.Release|Any CPU.ActiveCfg = Release|Any CPU
		{B2C3D4E5-F6A7-4B6C-9D0E-2F3A4B5C6D7E}.Release|Any CPU.Build.0 = Release|Any CPU
		{0925E96C-DC1E-4F1A-858B-1C58B7441D81}.Debug|Any CPU.ActiveCfg = Debug|Any CPU
		{0925E96C-DC1E-4F1A-858B-1C58B7441D81}.Debug|Any CPU.Build.0 = Debug|Any CPU
		{0925E96C-DC1E-4F1A-858B-1C58B7441D81}.Release|Any CPU.ActiveCfg = Release|Any CPU
		{0925E96C-DC1E-4F1A-858B-1C58B7441D81}.Release|Any CPU.Build.0 = Release|Any CPU
		{C1D2E3F4-A5B6-4C7D-8E9F-0A1B2C3D4E5F}.Debug|Any CPU.ActiveCfg = Debug|Any CPU
		{C1D2E3F4-A5B6-4C7D-8E9F-0A1B2C3D4E5F}.Debug|Any CPU.Build.0 = Debug|Any CPU
		{C1D2E3F4-A5B6-4C7D-8E9F-0A1B2C3D4E5F}.Release|Any CPU.ActiveCfg = Release|Any CPU
		{C1D2E3F4-A5B6-4C7D-8E9F-0A1B2C3D4E5F}.Release|Any CPU.Build.0 = Release|Any CPU
		{D2E3F4A5-B6C7-4D8E-9F0A-1B2C3D4E5F6A}.Debug|Any CPU.ActiveCfg = Debug|Any CPU
		{D2E3F4A5-B6C7-4D8E-9F0A-1B2C3D4E5F6A}.Debug|Any CPU.Build.0 = Debug|Any CPU
		{D2E3F4A5-B6C7-4D8E-9F0A-1B2C3D4E5F6A}.Release|Any CPU.ActiveCfg = Release|Any CPU
		{D2E3F4A5-B6C7-4D8E-9F0A-1B2C3D4E5F6A}.Release|Any CPU.Build.0 = Release|Any CPU
		{498879BC-FA31-4975-8C79-2911B18413E9}.Debug|Any CPU.ActiveCfg = Debug|Any CPU
		{498879BC-FA31-4975-8C79-2911B18413E9}.Debug|Any CPU.Build.0 = Debug|Any CPU
		{498879BC-FA31-4975-8C79-2911B18413E9}.Release|Any CPU.ActiveCfg = Release|Any CPU
		{498879BC-FA31-4975-8C79-2911B18413E9}.Release|Any CPU.Build.0 = Release|Any CPU
		{BAA26F2E-5FA6-42FC-91DA-F0CBCC42D976}.Debug|Any CPU.ActiveCfg = Debug|Any CPU
		{BAA26F2E-5FA6-42FC-91DA-F0CBCC42D976}.Debug|Any CPU.Build.0 = Debug|Any CPU
		{BAA26F2E-5FA6-42FC-91DA-F0CBCC42D976}.Release|Any CPU.ActiveCfg = Release|Any CPU
		{BAA26F2E-5FA6-42FC-91DA-F0CBCC42D976}.Release|Any CPU.Build.0 = Release|Any CPU
		{886ED558-F9DF-488B-B372-DDFCE40BAF41}.Debug|Any CPU.ActiveCfg = Debug|Any CPU
		{886ED558-F9DF-488B-B372-DDFCE40BAF41}.Debug|Any CPU.Build.0 = Debug|Any CPU
		{886ED558-F9DF-488B-B372-DDFCE40BAF41}.Release|Any CPU.ActiveCfg = Release|Any CPU
		{886ED558-F9DF-488B-B372-DDFCE40BAF41}.Release|Any CPU.Build.0 = Release|Any CPU
		{B1A2C3D4-E5F6-7890-ABCD-EF1234567890}.Debug|Any CPU.ActiveCfg = Debug|Any CPU
		{B1A2C3D4-E5F6-7890-ABCD-EF1234567890}.Debug|Any CPU.Build.0 = Debug|Any CPU
		{B1A2C3D4-E5F6-7890-ABCD-EF1234567890}.Release|Any CPU.ActiveCfg = Release|Any CPU
		{B1A2C3D4-E5F6-7890-ABCD-EF1234567890}.Release|Any CPU.Build.0 = Release|Any CPU
		{C2B3D4E5-F6A7-8901-BCDE-F12345678901}.Debug|Any CPU.ActiveCfg = Debug|Any CPU
		{C2B3D4E5-F6A7-8901-BCDE-F12345678901}.Debug|Any CPU.Build.0 = Debug|Any CPU
		{C2B3D4E5-F6A7-8901-BCDE-F12345678901}.Release|Any CPU.ActiveCfg = Release|Any CPU
		{C2B3D4E5-F6A7-8901-BCDE-F12345678901}.Release|Any CPU.Build.0 = Release|Any CPU
	EndGlobalSection
	GlobalSection(NestedProjects) = preSolution
		{498879BC-FA31-4975-8C79-2911B18413E9} = {5D20AA90-6969-D8BD-9DCD-8634F4692FDA}
		{BAA26F2E-5FA6-42FC-91DA-F0CBCC42D976} = {5D20AA90-6969-D8BD-9DCD-8634F4692FDA}
		{886ED558-F9DF-488B-B372-DDFCE40BAF41} = {5D20AA90-6969-D8BD-9DCD-8634F4692FDA}
	EndGlobalSection
EndGlobal
